// !$*UTF8*$!
{
	archiveVersion = 1;
	classes = {
	};
	objectVersion = 56;
	objects = {

/* Begin PBXBuildFile section */
		2B024FA329FFB299008DC9DD /* NetworkManager.swift in Sources */ = {isa = PBXBuildFile; fileRef = 2B024FA229FFB299008DC9DD /* NetworkManager.swift */; };
		2B024FA529FFB2EA008DC9DD /* GameService.swift in Sources */ = {isa = PBXBuildFile; fileRef = 2B024FA429FFB2EA008DC9DD /* GameService.swift */; };
		2B024FA829FFB35C008DC9DD /* GameModel.swift in Sources */ = {isa = PBXBuildFile; fileRef = 2B024FA729FFB35C008DC9DD /* GameModel.swift */; };
		2B024FAC29FFB3F9008DC9DD /* HomeScreen.swift in Sources */ = {isa = PBXBuildFile; fileRef = 2B024FAB29FFB3F9008DC9DD /* HomeScreen.swift */; };
		2B024FAE29FFB515008DC9DD /* Detail.swift in Sources */ = {isa = PBXBuildFile; fileRef = 2B024FAD29FFB515008DC9DD /* Detail.swift */; };
		2B024FB329FFB61F008DC9DD /* TabBarController.swift in Sources */ = {isa = PBXBuildFile; fileRef = 2B024FB229FFB61F008DC9DD /* TabBarController.swift */; };
		2B024FB629FFB703008DC9DD /* FavoriteScreen.swift in Sources */ = {isa = PBXBuildFile; fileRef = 2B024FB529FFB703008DC9DD /* FavoriteScreen.swift */; };
		2B024FB829FFB766008DC9DD /* HomeViewModel.swift in Sources */ = {isa = PBXBuildFile; fileRef = 2B024FB729FFB766008DC9DD /* HomeViewModel.swift */; };
		2B024FBA29FFB774008DC9DD /* FavoritesViewModel.swift in Sources */ = {isa = PBXBuildFile; fileRef = 2B024FB929FFB774008DC9DD /* FavoritesViewModel.swift */; };
		2B024FC329FFC8A0008DC9DD /* UIHelper.swift in Sources */ = {isa = PBXBuildFile; fileRef = 2B024FC229FFC8A0008DC9DD /* UIHelper.swift */; };
		2B024FC529FFC8F7008DC9DD /* CGFloat+Ext.swift in Sources */ = {isa = PBXBuildFile; fileRef = 2B024FC429FFC8F7008DC9DD /* CGFloat+Ext.swift */; };
		2B024FC829FFC9C3008DC9DD /* GamesCell.swift in Sources */ = {isa = PBXBuildFile; fileRef = 2B024FC729FFC9C3008DC9DD /* GamesCell.swift */; };
		2B024FCB29FFD282008DC9DD /* GameListEndpoints.swift in Sources */ = {isa = PBXBuildFile; fileRef = 2B024FCA29FFD282008DC9DD /* GameListEndpoints.swift */; };
		2B024FCD29FFD2B2008DC9DD /* ServiceEndpointProtocols.swift in Sources */ = {isa = PBXBuildFile; fileRef = 2B024FCC29FFD2B2008DC9DD /* ServiceEndpointProtocols.swift */; };
		2B024FCF29FFEF50008DC9DD /* UICollectionView+Ext.swift in Sources */ = {isa = PBXBuildFile; fileRef = 2B024FCE29FFEF50008DC9DD /* UICollectionView+Ext.swift */; };
		2B024FD129FFFE67008DC9DD /* UISearchBar+Ext.swift in Sources */ = {isa = PBXBuildFile; fileRef = 2B024FD029FFFE67008DC9DD /* UISearchBar+Ext.swift */; };
		2B024FD32A00007B008DC9DD /* UIViewController+Ext.swift in Sources */ = {isa = PBXBuildFile; fileRef = 2B024FD22A00007B008DC9DD /* UIViewController+Ext.swift */; };
		2B0A84702A001DB00048C4BA /* URLSessionNetworkManager.swift in Sources */ = {isa = PBXBuildFile; fileRef = 2B0A846F2A001DB00048C4BA /* URLSessionNetworkManager.swift */; };
		2B0A84722A001E0E0048C4BA /* GamesImageView.swift in Sources */ = {isa = PBXBuildFile; fileRef = 2B0A84712A001E0E0048C4BA /* GamesImageView.swift */; };
		2B582ED829FEF21500DC0F04 /* AppDelegate.swift in Sources */ = {isa = PBXBuildFile; fileRef = 2B582ED729FEF21500DC0F04 /* AppDelegate.swift */; };
		2B582EDA29FEF21500DC0F04 /* SceneDelegate.swift in Sources */ = {isa = PBXBuildFile; fileRef = 2B582ED929FEF21500DC0F04 /* SceneDelegate.swift */; };
		2B582EE129FEF21600DC0F04 /* Assets.xcassets in Resources */ = {isa = PBXBuildFile; fileRef = 2B582EE029FEF21600DC0F04 /* Assets.xcassets */; };
		2B582EE429FEF21600DC0F04 /* LaunchScreen.storyboard in Resources */ = {isa = PBXBuildFile; fileRef = 2B582EE229FEF21600DC0F04 /* LaunchScreen.storyboard */; };
		2B5D822429FFABA000E92A70 /* Alamofire in Frameworks */ = {isa = PBXBuildFile; productRef = 2B5D822329FFABA000E92A70 /* Alamofire */; };
		2B5D822729FFABB000E92A70 /* Kingfisher in Frameworks */ = {isa = PBXBuildFile; productRef = 2B5D822629FFABB000E92A70 /* Kingfisher */; };
		2B5D822A29FFABC200E92A70 /* Lottie in Frameworks */ = {isa = PBXBuildFile; productRef = 2B5D822929FFABC200E92A70 /* Lottie */; };
		2B938FEF2A007CF500688B61 /* DetailScreen.swift in Sources */ = {isa = PBXBuildFile; fileRef = 2B938FEE2A007CF500688B61 /* DetailScreen.swift */; };
		2B938FF12A007E8200688B61 /* DetailViewModel.swift in Sources */ = {isa = PBXBuildFile; fileRef = 2B938FF02A007E8200688B61 /* DetailViewModel.swift */; };
		2BA56AF62A01426000595737 /* GameListApp.xcdatamodeld in Sources */ = {isa = PBXBuildFile; fileRef = 2BA56AF42A01426000595737 /* GameListApp.xcdatamodeld */; };
		2BA56AFE2A0144C600595737 /* FavoriteCoreDataHelper.swift in Sources */ = {isa = PBXBuildFile; fileRef = 2BA56AFD2A0144C600595737 /* FavoriteCoreDataHelper.swift */; };
		2BA56B012A014A9E00595737 /* Favorite+CoreDataClass.swift in Sources */ = {isa = PBXBuildFile; fileRef = 2BA56AFF2A014A9E00595737 /* Favorite+CoreDataClass.swift */; };
		2BA56B022A014A9E00595737 /* Favorite+CoreDataProperties.swift in Sources */ = {isa = PBXBuildFile; fileRef = 2BA56B002A014A9E00595737 /* Favorite+CoreDataProperties.swift */; };
		2BA56B042A018C1B00595737 /* FavoritesTableViewCell.swift in Sources */ = {isa = PBXBuildFile; fileRef = 2BA56B032A018C1B00595737 /* FavoritesTableViewCell.swift */; };
		2BA56B062A01906C00595737 /* UIView+Ext.swift in Sources */ = {isa = PBXBuildFile; fileRef = 2BA56B052A01906C00595737 /* UIView+Ext.swift */; };
		2BA56B092A0193BB00595737 /* anim_games.json in Resources */ = {isa = PBXBuildFile; fileRef = 2BA56B082A0193BB00595737 /* anim_games.json */; };
/* End PBXBuildFile section */

/* Begin PBXFileReference section */
		2B024FA229FFB299008DC9DD /* NetworkManager.swift */ = {isa = PBXFileReference; lastKnownFileType = sourcecode.swift; path = NetworkManager.swift; sourceTree = "<group>"; };
		2B024FA429FFB2EA008DC9DD /* GameService.swift */ = {isa = PBXFileReference; lastKnownFileType = sourcecode.swift; path = GameService.swift; sourceTree = "<group>"; };
		2B024FA729FFB35C008DC9DD /* GameModel.swift */ = {isa = PBXFileReference; lastKnownFileType = sourcecode.swift; path = GameModel.swift; sourceTree = "<group>"; };
		2B024FAB29FFB3F9008DC9DD /* HomeScreen.swift */ = {isa = PBXFileReference; lastKnownFileType = sourcecode.swift; path = HomeScreen.swift; sourceTree = "<group>"; };
		2B024FAD29FFB515008DC9DD /* Detail.swift */ = {isa = PBXFileReference; lastKnownFileType = sourcecode.swift; path = Detail.swift; sourceTree = "<group>"; };
		2B024FB229FFB61F008DC9DD /* TabBarController.swift */ = {isa = PBXFileReference; lastKnownFileType = sourcecode.swift; path = TabBarController.swift; sourceTree = "<group>"; };
		2B024FB529FFB703008DC9DD /* FavoriteScreen.swift */ = {isa = PBXFileReference; lastKnownFileType = sourcecode.swift; path = FavoriteScreen.swift; sourceTree = "<group>"; };
		2B024FB729FFB766008DC9DD /* HomeViewModel.swift */ = {isa = PBXFileReference; lastKnownFileType = sourcecode.swift; path = HomeViewModel.swift; sourceTree = "<group>"; };
		2B024FB929FFB774008DC9DD /* FavoritesViewModel.swift */ = {isa = PBXFileReference; lastKnownFileType = sourcecode.swift; path = FavoritesViewModel.swift; sourceTree = "<group>"; };
		2B024FC229FFC8A0008DC9DD /* UIHelper.swift */ = {isa = PBXFileReference; lastKnownFileType = sourcecode.swift; path = UIHelper.swift; sourceTree = "<group>"; };
		2B024FC429FFC8F7008DC9DD /* CGFloat+Ext.swift */ = {isa = PBXFileReference; lastKnownFileType = sourcecode.swift; path = "CGFloat+Ext.swift"; sourceTree = "<group>"; };
		2B024FC729FFC9C3008DC9DD /* GamesCell.swift */ = {isa = PBXFileReference; lastKnownFileType = sourcecode.swift; path = GamesCell.swift; sourceTree = "<group>"; };
		2B024FCA29FFD282008DC9DD /* GameListEndpoints.swift */ = {isa = PBXFileReference; lastKnownFileType = sourcecode.swift; path = GameListEndpoints.swift; sourceTree = "<group>"; };
		2B024FCC29FFD2B2008DC9DD /* ServiceEndpointProtocols.swift */ = {isa = PBXFileReference; lastKnownFileType = sourcecode.swift; path = ServiceEndpointProtocols.swift; sourceTree = "<group>"; };
		2B024FCE29FFEF50008DC9DD /* UICollectionView+Ext.swift */ = {isa = PBXFileReference; lastKnownFileType = sourcecode.swift; path = "UICollectionView+Ext.swift"; sourceTree = "<group>"; };
		2B024FD029FFFE67008DC9DD /* UISearchBar+Ext.swift */ = {isa = PBXFileReference; lastKnownFileType = sourcecode.swift; path = "UISearchBar+Ext.swift"; sourceTree = "<group>"; };
		2B024FD22A00007B008DC9DD /* UIViewController+Ext.swift */ = {isa = PBXFileReference; lastKnownFileType = sourcecode.swift; path = "UIViewController+Ext.swift"; sourceTree = "<group>"; };
		2B0A846F2A001DB00048C4BA /* URLSessionNetworkManager.swift */ = {isa = PBXFileReference; lastKnownFileType = sourcecode.swift; path = URLSessionNetworkManager.swift; sourceTree = "<group>"; };
		2B0A84712A001E0E0048C4BA /* GamesImageView.swift */ = {isa = PBXFileReference; lastKnownFileType = sourcecode.swift; path = GamesImageView.swift; sourceTree = "<group>"; };
		2B582ED429FEF21500DC0F04 /* GameListApp.app */ = {isa = PBXFileReference; explicitFileType = wrapper.application; includeInIndex = 0; path = GameListApp.app; sourceTree = BUILT_PRODUCTS_DIR; };
		2B582ED729FEF21500DC0F04 /* AppDelegate.swift */ = {isa = PBXFileReference; lastKnownFileType = sourcecode.swift; path = AppDelegate.swift; sourceTree = "<group>"; };
		2B582ED929FEF21500DC0F04 /* SceneDelegate.swift */ = {isa = PBXFileReference; lastKnownFileType = sourcecode.swift; path = SceneDelegate.swift; sourceTree = "<group>"; };
		2B582EE029FEF21600DC0F04 /* Assets.xcassets */ = {isa = PBXFileReference; lastKnownFileType = folder.assetcatalog; path = Assets.xcassets; sourceTree = "<group>"; };
		2B582EE329FEF21600DC0F04 /* Base */ = {isa = PBXFileReference; lastKnownFileType = file.storyboard; name = Base; path = Base.lproj/LaunchScreen.storyboard; sourceTree = "<group>"; };
		2B582EE529FEF21600DC0F04 /* Info.plist */ = {isa = PBXFileReference; lastKnownFileType = text.plist.xml; path = Info.plist; sourceTree = "<group>"; };
		2B938FEE2A007CF500688B61 /* DetailScreen.swift */ = {isa = PBXFileReference; lastKnownFileType = sourcecode.swift; path = DetailScreen.swift; sourceTree = "<group>"; };
		2B938FF02A007E8200688B61 /* DetailViewModel.swift */ = {isa = PBXFileReference; lastKnownFileType = sourcecode.swift; path = DetailViewModel.swift; sourceTree = "<group>"; };
		2BA56AF52A01426000595737 /* GameListApp.xcdatamodel */ = {isa = PBXFileReference; lastKnownFileType = wrapper.xcdatamodel; path = GameListApp.xcdatamodel; sourceTree = "<group>"; };
		2BA56AFD2A0144C600595737 /* FavoriteCoreDataHelper.swift */ = {isa = PBXFileReference; lastKnownFileType = sourcecode.swift; path = FavoriteCoreDataHelper.swift; sourceTree = "<group>"; };
		2BA56AFF2A014A9E00595737 /* Favorite+CoreDataClass.swift */ = {isa = PBXFileReference; lastKnownFileType = sourcecode.swift; path = "Favorite+CoreDataClass.swift"; sourceTree = "<group>"; };
		2BA56B002A014A9E00595737 /* Favorite+CoreDataProperties.swift */ = {isa = PBXFileReference; lastKnownFileType = sourcecode.swift; path = "Favorite+CoreDataProperties.swift"; sourceTree = "<group>"; };
		2BA56B032A018C1B00595737 /* FavoritesTableViewCell.swift */ = {isa = PBXFileReference; lastKnownFileType = sourcecode.swift; path = FavoritesTableViewCell.swift; sourceTree = "<group>"; };
		2BA56B052A01906C00595737 /* UIView+Ext.swift */ = {isa = PBXFileReference; lastKnownFileType = sourcecode.swift; path = "UIView+Ext.swift"; sourceTree = "<group>"; };
		2BA56B082A0193BB00595737 /* anim_games.json */ = {isa = PBXFileReference; fileEncoding = 4; lastKnownFileType = text.json; path = anim_games.json; sourceTree = "<group>"; };
/* End PBXFileReference section */

/* Begin PBXFrameworksBuildPhase section */
		2B582ED129FEF21500DC0F04 /* Frameworks */ = {
			isa = PBXFrameworksBuildPhase;
			buildActionMask = 2147483647;
			files = (
				2B5D822729FFABB000E92A70 /* Kingfisher in Frameworks */,
				2B5D822429FFABA000E92A70 /* Alamofire in Frameworks */,
				2B5D822A29FFABC200E92A70 /* Lottie in Frameworks */,
			);
			runOnlyForDeploymentPostprocessing = 0;
		};
/* End PBXFrameworksBuildPhase section */

/* Begin PBXGroup section */
		2B024F9E29FFB03F008DC9DD /* Support */ = {
			isa = PBXGroup;
			children = (
				2B582ED729FEF21500DC0F04 /* AppDelegate.swift */,
				2B582ED929FEF21500DC0F04 /* SceneDelegate.swift */,
				2B582EE029FEF21600DC0F04 /* Assets.xcassets */,
				2B582EE229FEF21600DC0F04 /* LaunchScreen.storyboard */,
				2B582EE529FEF21600DC0F04 /* Info.plist */,
			);
			path = Support;
			sourceTree = "<group>";
		};
		2B024F9F29FFB24B008DC9DD /* Network */ = {
			isa = PBXGroup;
			children = (
				2B024FC929FFD25A008DC9DD /* ServiceEndPoints */,
				2B024FA129FFB267008DC9DD /* Service */,
				2B024FA029FFB262008DC9DD /* Manager */,
			);
			path = Network;
			sourceTree = "<group>";
		};
		2B024FA029FFB262008DC9DD /* Manager */ = {
			isa = PBXGroup;
			children = (
				2B024FA229FFB299008DC9DD /* NetworkManager.swift */,
			);
			path = Manager;
			sourceTree = "<group>";
		};
		2B024FA129FFB267008DC9DD /* Service */ = {
			isa = PBXGroup;
			children = (
				2B024FA429FFB2EA008DC9DD /* GameService.swift */,
			);
			path = Service;
			sourceTree = "<group>";
		};
		2B024FA629FFB34B008DC9DD /* Model */ = {
			isa = PBXGroup;
			children = (
				2B024FA729FFB35C008DC9DD /* GameModel.swift */,
				2B024FAD29FFB515008DC9DD /* Detail.swift */,
			);
			path = Model;
			sourceTree = "<group>";
		};
		2B024FA929FFB3CB008DC9DD /* Cores */ = {
			isa = PBXGroup;
			children = (
				2B938FED2A007CE000688B61 /* Detail */,
				2B024FB429FFB6D4008DC9DD /* Favorites */,
				2B024FAF29FFB5DD008DC9DD /* TabbarController */,
				2B024FAA29FFB3E3008DC9DD /* Home */,
			);
			path = Cores;
			sourceTree = "<group>";
		};
		2B024FAA29FFB3E3008DC9DD /* Home */ = {
			isa = PBXGroup;
			children = (
				2BA56B0B2A019C7500595737 /* ViewModel */,
				2BA56B0A2A019C6E00595737 /* Screen */,
				2B024FC629FFC9B0008DC9DD /* Components */,
			);
			path = Home;
			sourceTree = "<group>";
		};
		2B024FAF29FFB5DD008DC9DD /* TabbarController */ = {
			isa = PBXGroup;
			children = (
				2B024FB229FFB61F008DC9DD /* TabBarController.swift */,
			);
			path = TabbarController;
			sourceTree = "<group>";
		};
		2B024FB429FFB6D4008DC9DD /* Favorites */ = {
			isa = PBXGroup;
			children = (
				2BA56B0E2A019CA400595737 /* Components */,
				2BA56B0D2A019C9C00595737 /* ViewModel */,
				2BA56B0C2A019C9600595737 /* Screen */,
			);
			path = Favorites;
			sourceTree = "<group>";
		};
		2B024FC129FFC88C008DC9DD /* Extensions */ = {
			isa = PBXGroup;
			children = (
				2B024FC229FFC8A0008DC9DD /* UIHelper.swift */,
				2B024FC429FFC8F7008DC9DD /* CGFloat+Ext.swift */,
				2B024FCE29FFEF50008DC9DD /* UICollectionView+Ext.swift */,
				2B024FD029FFFE67008DC9DD /* UISearchBar+Ext.swift */,
				2B024FD22A00007B008DC9DD /* UIViewController+Ext.swift */,
				2BA56B052A01906C00595737 /* UIView+Ext.swift */,
			);
			path = Extensions;
			sourceTree = "<group>";
		};
		2B024FC629FFC9B0008DC9DD /* Components */ = {
			isa = PBXGroup;
			children = (
				2B024FC729FFC9C3008DC9DD /* GamesCell.swift */,
				2B0A84712A001E0E0048C4BA /* GamesImageView.swift */,
			);
			path = Components;
			sourceTree = "<group>";
		};
		2B024FC929FFD25A008DC9DD /* ServiceEndPoints */ = {
			isa = PBXGroup;
			children = (
				2B024FCA29FFD282008DC9DD /* GameListEndpoints.swift */,
				2B024FCC29FFD2B2008DC9DD /* ServiceEndpointProtocols.swift */,
			);
			path = ServiceEndPoints;
			sourceTree = "<group>";
		};
		2B0A846E2A001DA00048C4BA /* Utilities */ = {
			isa = PBXGroup;
			children = (
				2BA56B072A01938200595737 /* Lottie */,
				2B0A846F2A001DB00048C4BA /* URLSessionNetworkManager.swift */,
			);
			path = Utilities;
			sourceTree = "<group>";
		};
		2B582ECB29FEF21500DC0F04 = {
			isa = PBXGroup;
			children = (
				2B582ED629FEF21500DC0F04 /* GameListApp */,
				2B582ED529FEF21500DC0F04 /* Products */,
			);
			sourceTree = "<group>";
		};
		2B582ED529FEF21500DC0F04 /* Products */ = {
			isa = PBXGroup;
			children = (
				2B582ED429FEF21500DC0F04 /* GameListApp.app */,
			);
			name = Products;
			sourceTree = "<group>";
		};
		2B582ED629FEF21500DC0F04 /* GameListApp */ = {
			isa = PBXGroup;
			children = (
				2BA56AF32A01423B00595737 /* CoreData */,
				2B0A846E2A001DA00048C4BA /* Utilities */,
				2B024FC129FFC88C008DC9DD /* Extensions */,
				2B024FA929FFB3CB008DC9DD /* Cores */,
				2B024FA629FFB34B008DC9DD /* Model */,
				2B024F9F29FFB24B008DC9DD /* Network */,
				2B024F9E29FFB03F008DC9DD /* Support */,
			);
			path = GameListApp;
			sourceTree = "<group>";
		};
		2B938FED2A007CE000688B61 /* Detail */ = {
			isa = PBXGroup;
			children = (
				2BA56B102A019CC900595737 /* ViewModel */,
				2BA56B0F2A019CC400595737 /* Screen */,
			);
			path = Detail;
			sourceTree = "<group>";
		};
		2BA56AF32A01423B00595737 /* CoreData */ = {
			isa = PBXGroup;
			children = (
				2BA56AFC2A01448E00595737 /* Favorite */,
				2BA56AFB2A01448200595737 /* DataModel */,
			);
			path = CoreData;
			sourceTree = "<group>";
		};
		2BA56AFB2A01448200595737 /* DataModel */ = {
			isa = PBXGroup;
			children = (
				2BA56AF42A01426000595737 /* GameListApp.xcdatamodeld */,
			);
			path = DataModel;
			sourceTree = "<group>";
		};
		2BA56AFC2A01448E00595737 /* Favorite */ = {
			isa = PBXGroup;
			children = (
				2BA56AFF2A014A9E00595737 /* Favorite+CoreDataClass.swift */,
				2BA56B002A014A9E00595737 /* Favorite+CoreDataProperties.swift */,
				2BA56AFD2A0144C600595737 /* FavoriteCoreDataHelper.swift */,
			);
			path = Favorite;
			sourceTree = "<group>";
		};
		2BA56B072A01938200595737 /* Lottie */ = {
			isa = PBXGroup;
			children = (
				2BA56B082A0193BB00595737 /* anim_games.json */,
			);
			path = Lottie;
			sourceTree = "<group>";
		};
		2BA56B0A2A019C6E00595737 /* Screen */ = {
			isa = PBXGroup;
			children = (
				2B024FAB29FFB3F9008DC9DD /* HomeScreen.swift */,
			);
			path = Screen;
			sourceTree = "<group>";
		};
		2BA56B0B2A019C7500595737 /* ViewModel */ = {
			isa = PBXGroup;
			children = (
				2B024FB729FFB766008DC9DD /* HomeViewModel.swift */,
			);
			path = ViewModel;
			sourceTree = "<group>";
		};
		2BA56B0C2A019C9600595737 /* Screen */ = {
			isa = PBXGroup;
			children = (
				2B024FB529FFB703008DC9DD /* FavoriteScreen.swift */,
			);
			path = Screen;
			sourceTree = "<group>";
		};
		2BA56B0D2A019C9C00595737 /* ViewModel */ = {
			isa = PBXGroup;
			children = (
				2B024FB929FFB774008DC9DD /* FavoritesViewModel.swift */,
			);
			path = ViewModel;
			sourceTree = "<group>";
		};
		2BA56B0E2A019CA400595737 /* Components */ = {
			isa = PBXGroup;
			children = (
				2BA56B032A018C1B00595737 /* FavoritesTableViewCell.swift */,
			);
			path = Components;
			sourceTree = "<group>";
		};
		2BA56B0F2A019CC400595737 /* Screen */ = {
			isa = PBXGroup;
			children = (
				2B938FEE2A007CF500688B61 /* DetailScreen.swift */,
			);
			path = Screen;
			sourceTree = "<group>";
		};
		2BA56B102A019CC900595737 /* ViewModel */ = {
			isa = PBXGroup;
			children = (
				2B938FF02A007E8200688B61 /* DetailViewModel.swift */,
			);
			path = ViewModel;
			sourceTree = "<group>";
		};
/* End PBXGroup section */

/* Begin PBXNativeTarget section */
		2B582ED329FEF21500DC0F04 /* GameListApp */ = {
			isa = PBXNativeTarget;
			buildConfigurationList = 2B582EE829FEF21600DC0F04 /* Build configuration list for PBXNativeTarget "GameListApp" */;
			buildPhases = (
				2B582ED029FEF21500DC0F04 /* Sources */,
				2B582ED129FEF21500DC0F04 /* Frameworks */,
				2B582ED229FEF21500DC0F04 /* Resources */,
				2B5D822B29FFAC3C00E92A70 /* ShellScript */,
			);
			buildRules = (
			);
			dependencies = (
			);
			name = GameListApp;
			packageProductDependencies = (
				2B5D822329FFABA000E92A70 /* Alamofire */,
				2B5D822629FFABB000E92A70 /* Kingfisher */,
				2B5D822929FFABC200E92A70 /* Lottie */,
			);
			productName = GameListApp;
			productReference = 2B582ED429FEF21500DC0F04 /* GameListApp.app */;
			productType = "com.apple.product-type.application";
		};
/* End PBXNativeTarget section */

/* Begin PBXProject section */
		2B582ECC29FEF21500DC0F04 /* Project object */ = {
			isa = PBXProject;
			attributes = {
				BuildIndependentTargetsInParallel = 1;
				LastSwiftUpdateCheck = 1420;
				LastUpgradeCheck = 1420;
				TargetAttributes = {
					2B582ED329FEF21500DC0F04 = {
						CreatedOnToolsVersion = 14.2;
					};
				};
			};
			buildConfigurationList = 2B582ECF29FEF21500DC0F04 /* Build configuration list for PBXProject "GameListApp" */;
			compatibilityVersion = "Xcode 14.0";
			developmentRegion = en;
			hasScannedForEncodings = 0;
			knownRegions = (
				en,
				Base,
			);
			mainGroup = 2B582ECB29FEF21500DC0F04;
			packageReferences = (
				2B5D822229FFABA000E92A70 /* XCRemoteSwiftPackageReference "Alamofire" */,
				2B5D822529FFABB000E92A70 /* XCRemoteSwiftPackageReference "Kingfisher" */,
				2B5D822829FFABC200E92A70 /* XCRemoteSwiftPackageReference "lottie-ios" */,
			);
			productRefGroup = 2B582ED529FEF21500DC0F04 /* Products */;
			projectDirPath = "";
			projectRoot = "";
			targets = (
				2B582ED329FEF21500DC0F04 /* GameListApp */,
			);
		};
/* End PBXProject section */

/* Begin PBXResourcesBuildPhase section */
		2B582ED229FEF21500DC0F04 /* Resources */ = {
			isa = PBXResourcesBuildPhase;
			buildActionMask = 2147483647;
			files = (
				2B582EE429FEF21600DC0F04 /* LaunchScreen.storyboard in Resources */,
				2BA56B092A0193BB00595737 /* anim_games.json in Resources */,
				2B582EE129FEF21600DC0F04 /* Assets.xcassets in Resources */,
			);
			runOnlyForDeploymentPostprocessing = 0;
		};
/* End PBXResourcesBuildPhase section */

/* Begin PBXShellScriptBuildPhase section */
		2B5D822B29FFAC3C00E92A70 /* ShellScript */ = {
			isa = PBXShellScriptBuildPhase;
			buildActionMask = 2147483647;
			files = (
			);
			inputFileListPaths = (
			);
			inputPaths = (
			);
			outputFileListPaths = (
			);
			outputPaths = (
			);
			runOnlyForDeploymentPostprocessing = 0;
			shellPath = /bin/sh;
			shellScript = "# Type a script or drag a script file from your workspace to insert its path.\nif which swiftlint >/dev/null; then\n  swiftlint\nelse\n  echo \"warning: SwiftLint not installed, download from https://github.com/realm/SwiftLint\"\nfi\n";
		};
/* End PBXShellScriptBuildPhase section */

/* Begin PBXSourcesBuildPhase section */
		2B582ED029FEF21500DC0F04 /* Sources */ = {
			isa = PBXSourcesBuildPhase;
			buildActionMask = 2147483647;
			files = (
				2B024FD32A00007B008DC9DD /* UIViewController+Ext.swift in Sources */,
				2B024FCD29FFD2B2008DC9DD /* ServiceEndpointProtocols.swift in Sources */,
				2B024FD129FFFE67008DC9DD /* UISearchBar+Ext.swift in Sources */,
				2B024FC329FFC8A0008DC9DD /* UIHelper.swift in Sources */,
				2B0A84722A001E0E0048C4BA /* GamesImageView.swift in Sources */,
				2B024FA329FFB299008DC9DD /* NetworkManager.swift in Sources */,
				2B024FCF29FFEF50008DC9DD /* UICollectionView+Ext.swift in Sources */,
				2BA56AF62A01426000595737 /* GameListApp.xcdatamodeld in Sources */,
				2B024FB829FFB766008DC9DD /* HomeViewModel.swift in Sources */,
				2B024FAE29FFB515008DC9DD /* Detail.swift in Sources */,
				2B024FB329FFB61F008DC9DD /* TabBarController.swift in Sources */,
				2B024FAC29FFB3F9008DC9DD /* HomeScreen.swift in Sources */,
				2B938FF12A007E8200688B61 /* DetailViewModel.swift in Sources */,
				2BA56B042A018C1B00595737 /* FavoritesTableViewCell.swift in Sources */,
				2B024FBA29FFB774008DC9DD /* FavoritesViewModel.swift in Sources */,
				2BA56B062A01906C00595737 /* UIView+Ext.swift in Sources */,
				2B024FC829FFC9C3008DC9DD /* GamesCell.swift in Sources */,
				2BA56B012A014A9E00595737 /* Favorite+CoreDataClass.swift in Sources */,
				2B024FA529FFB2EA008DC9DD /* GameService.swift in Sources */,
				2B0A84702A001DB00048C4BA /* URLSessionNetworkManager.swift in Sources */,
				2B582ED829FEF21500DC0F04 /* AppDelegate.swift in Sources */,
				2B582EDA29FEF21500DC0F04 /* SceneDelegate.swift in Sources */,
				2B024FA829FFB35C008DC9DD /* GameModel.swift in Sources */,
				2B024FB629FFB703008DC9DD /* FavoriteScreen.swift in Sources */,
				2B024FCB29FFD282008DC9DD /* GameListEndpoints.swift in Sources */,
				2BA56B022A014A9E00595737 /* Favorite+CoreDataProperties.swift in Sources */,
				2B938FEF2A007CF500688B61 /* DetailScreen.swift in Sources */,
				2B024FC529FFC8F7008DC9DD /* CGFloat+Ext.swift in Sources */,
				2BA56AFE2A0144C600595737 /* FavoriteCoreDataHelper.swift in Sources */,
			);
			runOnlyForDeploymentPostprocessing = 0;
		};
/* End PBXSourcesBuildPhase section */

/* Begin PBXVariantGroup section */
		2B582EE229FEF21600DC0F04 /* LaunchScreen.storyboard */ = {
			isa = PBXVariantGroup;
			children = (
				2B582EE329FEF21600DC0F04 /* Base */,
			);
			name = LaunchScreen.storyboard;
			sourceTree = "<group>";
		};
/* End PBXVariantGroup section */

/* Begin XCBuildConfiguration section */
		2B582EE629FEF21600DC0F04 /* Debug */ = {
			isa = XCBuildConfiguration;
			buildSettings = {
				ALWAYS_SEARCH_USER_PATHS = NO;
				CLANG_ANALYZER_NONNULL = YES;
				CLANG_ANALYZER_NUMBER_OBJECT_CONVERSION = YES_AGGRESSIVE;
				CLANG_CXX_LANGUAGE_STANDARD = "gnu++20";
				CLANG_ENABLE_MODULES = YES;
				CLANG_ENABLE_OBJC_ARC = YES;
				CLANG_ENABLE_OBJC_WEAK = YES;
				CLANG_WARN_BLOCK_CAPTURE_AUTORELEASING = YES;
				CLANG_WARN_BOOL_CONVERSION = YES;
				CLANG_WARN_COMMA = YES;
				CLANG_WARN_CONSTANT_CONVERSION = YES;
				CLANG_WARN_DEPRECATED_OBJC_IMPLEMENTATIONS = YES;
				CLANG_WARN_DIRECT_OBJC_ISA_USAGE = YES_ERROR;
				CLANG_WARN_DOCUMENTATION_COMMENTS = YES;
				CLANG_WARN_EMPTY_BODY = YES;
				CLANG_WARN_ENUM_CONVERSION = YES;
				CLANG_WARN_INFINITE_RECURSION = YES;
				CLANG_WARN_INT_CONVERSION = YES;
				CLANG_WARN_NON_LITERAL_NULL_CONVERSION = YES;
				CLANG_WARN_OBJC_IMPLICIT_RETAIN_SELF = YES;
				CLANG_WARN_OBJC_LITERAL_CONVERSION = YES;
				CLANG_WARN_OBJC_ROOT_CLASS = YES_ERROR;
				CLANG_WARN_QUOTED_INCLUDE_IN_FRAMEWORK_HEADER = YES;
				CLANG_WARN_RANGE_LOOP_ANALYSIS = YES;
				CLANG_WARN_STRICT_PROTOTYPES = YES;
				CLANG_WARN_SUSPICIOUS_MOVE = YES;
				CLANG_WARN_UNGUARDED_AVAILABILITY = YES_AGGRESSIVE;
				CLANG_WARN_UNREACHABLE_CODE = YES;
				CLANG_WARN__DUPLICATE_METHOD_MATCH = YES;
				COPY_PHASE_STRIP = NO;
				DEBUG_INFORMATION_FORMAT = dwarf;
				ENABLE_STRICT_OBJC_MSGSEND = YES;
				ENABLE_TESTABILITY = YES;
				GCC_C_LANGUAGE_STANDARD = gnu11;
				GCC_DYNAMIC_NO_PIC = NO;
				GCC_NO_COMMON_BLOCKS = YES;
				GCC_OPTIMIZATION_LEVEL = 0;
				GCC_PREPROCESSOR_DEFINITIONS = (
					"DEBUG=1",
					"$(inherited)",
				);
				GCC_WARN_64_TO_32_BIT_CONVERSION = YES;
				GCC_WARN_ABOUT_RETURN_TYPE = YES_ERROR;
				GCC_WARN_UNDECLARED_SELECTOR = YES;
				GCC_WARN_UNINITIALIZED_AUTOS = YES_AGGRESSIVE;
				GCC_WARN_UNUSED_FUNCTION = YES;
				GCC_WARN_UNUSED_VARIABLE = YES;
				INFOPLIST_FILE = GameListApp/Support/Info;
				IPHONEOS_DEPLOYMENT_TARGET = 16.2;
				MTL_ENABLE_DEBUG_INFO = INCLUDE_SOURCE;
				MTL_FAST_MATH = YES;
				ONLY_ACTIVE_ARCH = YES;
				SDKROOT = iphoneos;
				SWIFT_ACTIVE_COMPILATION_CONDITIONS = DEBUG;
				SWIFT_OPTIMIZATION_LEVEL = "-Onone";
			};
			name = Debug;
		};
		2B582EE729FEF21600DC0F04 /* Release */ = {
			isa = XCBuildConfiguration;
			buildSettings = {
				ALWAYS_SEARCH_USER_PATHS = NO;
				CLANG_ANALYZER_NONNULL = YES;
				CLANG_ANALYZER_NUMBER_OBJECT_CONVERSION = YES_AGGRESSIVE;
				CLANG_CXX_LANGUAGE_STANDARD = "gnu++20";
				CLANG_ENABLE_MODULES = YES;
				CLANG_ENABLE_OBJC_ARC = YES;
				CLANG_ENABLE_OBJC_WEAK = YES;
				CLANG_WARN_BLOCK_CAPTURE_AUTORELEASING = YES;
				CLANG_WARN_BOOL_CONVERSION = YES;
				CLANG_WARN_COMMA = YES;
				CLANG_WARN_CONSTANT_CONVERSION = YES;
				CLANG_WARN_DEPRECATED_OBJC_IMPLEMENTATIONS = YES;
				CLANG_WARN_DIRECT_OBJC_ISA_USAGE = YES_ERROR;
				CLANG_WARN_DOCUMENTATION_COMMENTS = YES;
				CLANG_WARN_EMPTY_BODY = YES;
				CLANG_WARN_ENUM_CONVERSION = YES;
				CLANG_WARN_INFINITE_RECURSION = YES;
				CLANG_WARN_INT_CONVERSION = YES;
				CLANG_WARN_NON_LITERAL_NULL_CONVERSION = YES;
				CLANG_WARN_OBJC_IMPLICIT_RETAIN_SELF = YES;
				CLANG_WARN_OBJC_LITERAL_CONVERSION = YES;
				CLANG_WARN_OBJC_ROOT_CLASS = YES_ERROR;
				CLANG_WARN_QUOTED_INCLUDE_IN_FRAMEWORK_HEADER = YES;
				CLANG_WARN_RANGE_LOOP_ANALYSIS = YES;
				CLANG_WARN_STRICT_PROTOTYPES = YES;
				CLANG_WARN_SUSPICIOUS_MOVE = YES;
				CLANG_WARN_UNGUARDED_AVAILABILITY = YES_AGGRESSIVE;
				CLANG_WARN_UNREACHABLE_CODE = YES;
				CLANG_WARN__DUPLICATE_METHOD_MATCH = YES;
				COPY_PHASE_STRIP = NO;
				DEBUG_INFORMATION_FORMAT = "dwarf-with-dsym";
				ENABLE_NS_ASSERTIONS = NO;
				ENABLE_STRICT_OBJC_MSGSEND = YES;
				GCC_C_LANGUAGE_STANDARD = gnu11;
				GCC_NO_COMMON_BLOCKS = YES;
				GCC_WARN_64_TO_32_BIT_CONVERSION = YES;
				GCC_WARN_ABOUT_RETURN_TYPE = YES_ERROR;
				GCC_WARN_UNDECLARED_SELECTOR = YES;
				GCC_WARN_UNINITIALIZED_AUTOS = YES_AGGRESSIVE;
				GCC_WARN_UNUSED_FUNCTION = YES;
				GCC_WARN_UNUSED_VARIABLE = YES;
				INFOPLIST_FILE = GameListApp/Support/Info;
				IPHONEOS_DEPLOYMENT_TARGET = 16.2;
				MTL_ENABLE_DEBUG_INFO = NO;
				MTL_FAST_MATH = YES;
				SDKROOT = iphoneos;
				SWIFT_COMPILATION_MODE = wholemodule;
				SWIFT_OPTIMIZATION_LEVEL = "-O";
				VALIDATE_PRODUCT = YES;
			};
			name = Release;
		};
		2B582EE929FEF21600DC0F04 /* Debug */ = {
			isa = XCBuildConfiguration;
			buildSettings = {
				ASSETCATALOG_COMPILER_APPICON_NAME = AppIcon;
				ASSETCATALOG_COMPILER_GLOBAL_ACCENT_COLOR_NAME = AccentColor;
				CODE_SIGN_STYLE = Automatic;
				CURRENT_PROJECT_VERSION = 1;
				DEVELOPMENT_TEAM = J77597ZZ4K;
				GENERATE_INFOPLIST_FILE = YES;
				INFOPLIST_FILE = GameListApp/Support/Info.plist;
				INFOPLIST_KEY_UIApplicationSupportsIndirectInputEvents = YES;
				INFOPLIST_KEY_UILaunchStoryboardName = LaunchScreen;
				INFOPLIST_KEY_UIStatusBarStyle = UIStatusBarStyleLightContent;
				INFOPLIST_KEY_UISupportedInterfaceOrientations = UIInterfaceOrientationPortrait;
				IPHONEOS_DEPLOYMENT_TARGET = 13.0;
				LD_RUNPATH_SEARCH_PATHS = (
					"$(inherited)",
					"@executable_path/Frameworks",
				);
				MARKETING_VERSION = 1.0;
				PRODUCT_BUNDLE_IDENTIFIER = com.haznedar.GameListApp;
				PRODUCT_NAME = "$(TARGET_NAME)";
				SUPPORTED_PLATFORMS = "iphoneos iphonesimulator";
				SUPPORTS_MACCATALYST = NO;
				SUPPORTS_MAC_DESIGNED_FOR_IPHONE_IPAD = NO;
				SWIFT_EMIT_LOC_STRINGS = YES;
				SWIFT_VERSION = 5.0;
				TARGETED_DEVICE_FAMILY = "1,2";
			};
			name = Debug;
		};
		2B582EEA29FEF21600DC0F04 /* Release */ = {
			isa = XCBuildConfiguration;
			buildSettings = {
				ASSETCATALOG_COMPILER_APPICON_NAME = AppIcon;
				ASSETCATALOG_COMPILER_GLOBAL_ACCENT_COLOR_NAME = AccentColor;
				CODE_SIGN_STYLE = Automatic;
				CURRENT_PROJECT_VERSION = 1;
				DEVELOPMENT_TEAM = J77597ZZ4K;
				GENERATE_INFOPLIST_FILE = YES;
				INFOPLIST_FILE = GameListApp/Support/Info.plist;
				INFOPLIST_KEY_UIApplicationSupportsIndirectInputEvents = YES;
				INFOPLIST_KEY_UILaunchStoryboardName = LaunchScreen;
				INFOPLIST_KEY_UIStatusBarStyle = UIStatusBarStyleLightContent;
				INFOPLIST_KEY_UISupportedInterfaceOrientations = UIInterfaceOrientationPortrait;
				IPHONEOS_DEPLOYMENT_TARGET = 13.0;
				LD_RUNPATH_SEARCH_PATHS = (
					"$(inherited)",
					"@executable_path/Frameworks",
				);
				MARKETING_VERSION = 1.0;
				PRODUCT_BUNDLE_IDENTIFIER = com.haznedar.GameListApp;
				PRODUCT_NAME = "$(TARGET_NAME)";
				SUPPORTED_PLATFORMS = "iphoneos iphonesimulator";
				SUPPORTS_MACCATALYST = NO;
				SUPPORTS_MAC_DESIGNED_FOR_IPHONE_IPAD = NO;
				SWIFT_EMIT_LOC_STRINGS = YES;
				SWIFT_VERSION = 5.0;
				TARGETED_DEVICE_FAMILY = "1,2";
			};
			name = Release;
		};
/* End XCBuildConfiguration section */

/* Begin XCConfigurationList section */
		2B582ECF29FEF21500DC0F04 /* Build configuration list for PBXProject "GameListApp" */ = {
			isa = XCConfigurationList;
			buildConfigurations = (
				2B582EE629FEF21600DC0F04 /* Debug */,
				2B582EE729FEF21600DC0F04 /* Release */,
			);
			defaultConfigurationIsVisible = 0;
			defaultConfigurationName = Release;
		};
		2B582EE829FEF21600DC0F04 /* Build configuration list for PBXNativeTarget "GameListApp" */ = {
			isa = XCConfigurationList;
			buildConfigurations = (
				2B582EE929FEF21600DC0F04 /* Debug */,
				2B582EEA29FEF21600DC0F04 /* Release */,
			);
			defaultConfigurationIsVisible = 0;
			defaultConfigurationName = Release;
		};
/* End XCConfigurationList section */

/* Begin XCRemoteSwiftPackageReference section */
		2B5D822229FFABA000E92A70 /* XCRemoteSwiftPackageReference "Alamofire" */ = {
			isa = XCRemoteSwiftPackageReference;
			repositoryURL = "https://github.com/Alamofire/Alamofire";
			requirement = {
				branch = master;
				kind = branch;
			};
		};
		2B5D822529FFABB000E92A70 /* XCRemoteSwiftPackageReference "Kingfisher" */ = {
			isa = XCRemoteSwiftPackageReference;
			repositoryURL = "https://github.com/onevcat/Kingfisher";
			requirement = {
				branch = master;
				kind = branch;
			};
		};
		2B5D822829FFABC200E92A70 /* XCRemoteSwiftPackageReference "lottie-ios" */ = {
			isa = XCRemoteSwiftPackageReference;
			repositoryURL = "https://github.com/airbnb/lottie-ios";
			requirement = {
				branch = master;
				kind = branch;
			};
		};
/* End XCRemoteSwiftPackageReference section */

/* Begin XCSwiftPackageProductDependency section */
		2B5D822329FFABA000E92A70 /* Alamofire */ = {
			isa = XCSwiftPackageProductDependency;
			package = 2B5D822229FFABA000E92A70 /* XCRemoteSwiftPackageReference "Alamofire" */;
			productName = Alamofire;
		};
		2B5D822629FFABB000E92A70 /* Kingfisher */ = {
			isa = XCSwiftPackageProductDependency;
			package = 2B5D822529FFABB000E92A70 /* XCRemoteSwiftPackageReference "Kingfisher" */;
			productName = Kingfisher;
		};
		2B5D822929FFABC200E92A70 /* Lottie */ = {
			isa = XCSwiftPackageProductDependency;
			package = 2B5D822829FFABC200E92A70 /* XCRemoteSwiftPackageReference "lottie-ios" */;
			productName = Lottie;
		};
/* End XCSwiftPackageProductDependency section */

/* Begin XCVersionGroup section */
		2BA56AF42A01426000595737 /* GameListApp.xcdatamodeld */ = {
			isa = XCVersionGroup;
			children = (
				2BA56AF52A01426000595737 /* GameListApp.xcdatamodel */,
			);
			currentVersion = 2BA56AF52A01426000595737 /* GameListApp.xcdatamodel */;
			path = GameListApp.xcdatamodeld;
			sourceTree = "<group>";
			versionGroupType = wrapper.xcdatamodel;
		};
/* End XCVersionGroup section */
	};
	rootObject = 2B582ECC29FEF21500DC0F04 /* Project object */;
}
